// !$*UTF8*$!
{
	archiveVersion = 1;
	classes = {
	};
	objectVersion = 50;
	objects = {

/* Begin PBXBuildFile section */
		1BDAF27D267D038300B8D16E /* Main.storyboard in Resources */ = {isa = PBXBuildFile; fileRef = 1BDAF27B267D038300B8D16E /* Main.storyboard */; };
		1BDAF27F267D038600B8D16E /* Assets.xcassets in Resources */ = {isa = PBXBuildFile; fileRef = 1BDAF27E267D038600B8D16E /* Assets.xcassets */; };
		1BDAF282267D038600B8D16E /* LaunchScreen.storyboard in Resources */ = {isa = PBXBuildFile; fileRef = 1BDAF280267D038600B8D16E /* LaunchScreen.storyboard */; };
		1BDAF28A267D08F300B8D16E /* LibraryTab.storyboard in Resources */ = {isa = PBXBuildFile; fileRef = 1BDAF289267D08F300B8D16E /* LibraryTab.storyboard */; };
		1BDAF28F267D13BE00B8D16E /* data.json in Resources */ = {isa = PBXBuildFile; fileRef = 1BDAF28D267D13BD00B8D16E /* data.json */; };
		1BDAF290267D13BE00B8D16E /* MusicService.swift in Sources */ = {isa = PBXBuildFile; fileRef = 1BDAF28E267D13BE00B8D16E /* MusicService.swift */; };
		1BDAF292267D247500B8D16E /* LibraryListViewController.swift in Sources */ = {isa = PBXBuildFile; fileRef = 1BDAF291267D247500B8D16E /* LibraryListViewController.swift */; };
		1BDAF296267D538700B8D16E /* AlbumWithImageCell.swift in Sources */ = {isa = PBXBuildFile; fileRef = 1BDAF295267D538700B8D16E /* AlbumWithImageCell.swift */; };
		1BDAF298267D5BFA00B8D16E /* AlbumSongsUIViewController.swift in Sources */ = {isa = PBXBuildFile; fileRef = 1BDAF297267D5BFA00B8D16E /* AlbumSongsUIViewController.swift */; };
		1BDAF29B268135B000B8D16E /* AlbumPresentationCell.swift in Sources */ = {isa = PBXBuildFile; fileRef = 1BDAF29A268135B000B8D16E /* AlbumPresentationCell.swift */; };
		1BDAF29D268136A800B8D16E /* SongFromAlbumCell.swift in Sources */ = {isa = PBXBuildFile; fileRef = 1BDAF29C268136A800B8D16E /* SongFromAlbumCell.swift */; };
		1BDAF2A2268260B400B8D16E /* AlbumDetailsViewController.swift in Sources */ = {isa = PBXBuildFile; fileRef = 1BDAF2A1268260B300B8D16E /* AlbumDetailsViewController.swift */; };
		1BDAF2A42682A9EF00B8D16E /* AboutAlbumTableViewCell.swift in Sources */ = {isa = PBXBuildFile; fileRef = 1BDAF2A32682A9EF00B8D16E /* AboutAlbumTableViewCell.swift */; };
		1BDAF2A62683CFA100B8D16E /* AboutArtistViewCell.swift in Sources */ = {isa = PBXBuildFile; fileRef = 1BDAF2A52683CFA000B8D16E /* AboutArtistViewCell.swift */; };
		1BDAF2A82683E61200B8D16E /* FavoritesTab.storyboard in Resources */ = {isa = PBXBuildFile; fileRef = 1BDAF2A72683E61200B8D16E /* FavoritesTab.storyboard */; };
		1BDAF2A92683E9F400B8D16E /* AppDelegate.swift in Sources */ = {isa = PBXBuildFile; fileRef = 1BDAF275267D038300B8D16E /* AppDelegate.swift */; };
		1BDAF2AA2683E9F400B8D16E /* SceneDelegate.swift in Sources */ = {isa = PBXBuildFile; fileRef = 1BDAF277267D038300B8D16E /* SceneDelegate.swift */; };
		1BDAF2AB2683E9F400B8D16E /* ViewController.swift in Sources */ = {isa = PBXBuildFile; fileRef = 1BDAF279267D038300B8D16E /* ViewController.swift */; };
		B21B714D2683B9D900E6BF8C /* QueueList.storyboard in Resources */ = {isa = PBXBuildFile; fileRef = B21B714C2683B9D800E6BF8C /* QueueList.storyboard */; };
		B21B714F2683B9EC00E6BF8C /* QueueListViewController.swift in Sources */ = {isa = PBXBuildFile; fileRef = B21B714E2683B9EC00E6BF8C /* QueueListViewController.swift */; };
		B21B71512683F82000E6BF8C /* QueueListCell.swift in Sources */ = {isa = PBXBuildFile; fileRef = B21B71502683F82000E6BF8C /* QueueListCell.swift */; };
		B2DF6FF3267D299E00ADAEA5 /* Playing.storyboard in Resources */ = {isa = PBXBuildFile; fileRef = B2DF6FF2267D299E00ADAEA5 /* Playing.storyboard */; };
		B2DF6FF5267D387400ADAEA5 /* FavoritesListViewController.swift in Sources */ = {isa = PBXBuildFile; fileRef = B2DF6FF4267D387400ADAEA5 /* FavoritesListViewController.swift */; };
		B2DF6FF726811F4800ADAEA5 /* PlayingViewController.swift in Sources */ = {isa = PBXBuildFile; fileRef = B2DF6FF626811F4800ADAEA5 /* PlayingViewController.swift */; };
		B2DF6FF92681262800ADAEA5 /* FavoritesListCell.swift in Sources */ = {isa = PBXBuildFile; fileRef = B2DF6FF82681262800ADAEA5 /* FavoritesListCell.swift */; };
/* End PBXBuildFile section */

/* Begin PBXFileReference section */
		1BDAF272267D038300B8D16E /* Spotmusic.app */ = {isa = PBXFileReference; explicitFileType = wrapper.application; includeInIndex = 0; path = Spotmusic.app; sourceTree = BUILT_PRODUCTS_DIR; };
		1BDAF275267D038300B8D16E /* AppDelegate.swift */ = {isa = PBXFileReference; lastKnownFileType = sourcecode.swift; path = AppDelegate.swift; sourceTree = "<group>"; };
		1BDAF277267D038300B8D16E /* SceneDelegate.swift */ = {isa = PBXFileReference; lastKnownFileType = sourcecode.swift; path = SceneDelegate.swift; sourceTree = "<group>"; };
		1BDAF279267D038300B8D16E /* ViewController.swift */ = {isa = PBXFileReference; lastKnownFileType = sourcecode.swift; path = ViewController.swift; sourceTree = "<group>"; };
		1BDAF27C267D038300B8D16E /* Base */ = {isa = PBXFileReference; lastKnownFileType = file.storyboard; name = Base; path = Base.lproj/Main.storyboard; sourceTree = "<group>"; };
		1BDAF27E267D038600B8D16E /* Assets.xcassets */ = {isa = PBXFileReference; lastKnownFileType = folder.assetcatalog; path = Assets.xcassets; sourceTree = "<group>"; };
		1BDAF281267D038600B8D16E /* Base */ = {isa = PBXFileReference; lastKnownFileType = file.storyboard; name = Base; path = Base.lproj/LaunchScreen.storyboard; sourceTree = "<group>"; };
		1BDAF283267D038600B8D16E /* Info.plist */ = {isa = PBXFileReference; lastKnownFileType = text.plist.xml; path = Info.plist; sourceTree = "<group>"; };
		1BDAF289267D08F300B8D16E /* LibraryTab.storyboard */ = {isa = PBXFileReference; lastKnownFileType = file.storyboard; path = LibraryTab.storyboard; sourceTree = "<group>"; };
		1BDAF28D267D13BD00B8D16E /* data.json */ = {isa = PBXFileReference; fileEncoding = 4; lastKnownFileType = text.json; path = data.json; sourceTree = "<group>"; };
		1BDAF28E267D13BE00B8D16E /* MusicService.swift */ = {isa = PBXFileReference; fileEncoding = 4; lastKnownFileType = sourcecode.swift; path = MusicService.swift; sourceTree = "<group>"; };
		1BDAF291267D247500B8D16E /* LibraryListViewController.swift */ = {isa = PBXFileReference; lastKnownFileType = sourcecode.swift; path = LibraryListViewController.swift; sourceTree = "<group>"; };
		1BDAF295267D538700B8D16E /* AlbumWithImageCell.swift */ = {isa = PBXFileReference; lastKnownFileType = sourcecode.swift; path = AlbumWithImageCell.swift; sourceTree = "<group>"; };
		1BDAF297267D5BFA00B8D16E /* AlbumSongsUIViewController.swift */ = {isa = PBXFileReference; lastKnownFileType = sourcecode.swift; path = AlbumSongsUIViewController.swift; sourceTree = "<group>"; };
		1BDAF29A268135B000B8D16E /* AlbumPresentationCell.swift */ = {isa = PBXFileReference; lastKnownFileType = sourcecode.swift; path = AlbumPresentationCell.swift; sourceTree = "<group>"; };
		1BDAF29C268136A800B8D16E /* SongFromAlbumCell.swift */ = {isa = PBXFileReference; lastKnownFileType = sourcecode.swift; path = SongFromAlbumCell.swift; sourceTree = "<group>"; };
		1BDAF2A1268260B300B8D16E /* AlbumDetailsViewController.swift */ = {isa = PBXFileReference; lastKnownFileType = sourcecode.swift; path = AlbumDetailsViewController.swift; sourceTree = "<group>"; };
		1BDAF2A32682A9EF00B8D16E /* AboutAlbumTableViewCell.swift */ = {isa = PBXFileReference; lastKnownFileType = sourcecode.swift; path = AboutAlbumTableViewCell.swift; sourceTree = "<group>"; };
		1BDAF2A52683CFA000B8D16E /* AboutArtistViewCell.swift */ = {isa = PBXFileReference; lastKnownFileType = sourcecode.swift; path = AboutArtistViewCell.swift; sourceTree = "<group>"; };
		1BDAF2A72683E61200B8D16E /* FavoritesTab.storyboard */ = {isa = PBXFileReference; lastKnownFileType = file.storyboard; path = FavoritesTab.storyboard; sourceTree = "<group>"; };
		B21B714C2683B9D800E6BF8C /* QueueList.storyboard */ = {isa = PBXFileReference; lastKnownFileType = file.storyboard; path = QueueList.storyboard; sourceTree = "<group>"; };
		B21B714E2683B9EC00E6BF8C /* QueueListViewController.swift */ = {isa = PBXFileReference; lastKnownFileType = sourcecode.swift; path = QueueListViewController.swift; sourceTree = "<group>"; };
		B21B71502683F82000E6BF8C /* QueueListCell.swift */ = {isa = PBXFileReference; lastKnownFileType = sourcecode.swift; path = QueueListCell.swift; sourceTree = "<group>"; };
		B2DF6FF2267D299E00ADAEA5 /* Playing.storyboard */ = {isa = PBXFileReference; lastKnownFileType = file.storyboard; path = Playing.storyboard; sourceTree = "<group>"; };
		B2DF6FF4267D387400ADAEA5 /* FavoritesListViewController.swift */ = {isa = PBXFileReference; lastKnownFileType = sourcecode.swift; path = FavoritesListViewController.swift; sourceTree = "<group>"; };
		B2DF6FF626811F4800ADAEA5 /* PlayingViewController.swift */ = {isa = PBXFileReference; lastKnownFileType = sourcecode.swift; path = PlayingViewController.swift; sourceTree = "<group>"; };
		B2DF6FF82681262800ADAEA5 /* FavoritesListCell.swift */ = {isa = PBXFileReference; lastKnownFileType = sourcecode.swift; path = FavoritesListCell.swift; sourceTree = "<group>"; };
/* End PBXFileReference section */

/* Begin PBXFrameworksBuildPhase section */
		1BDAF26F267D038300B8D16E /* Frameworks */ = {
			isa = PBXFrameworksBuildPhase;
			buildActionMask = 2147483647;
			files = (
			);
			runOnlyForDeploymentPostprocessing = 0;
		};
/* End PBXFrameworksBuildPhase section */

/* Begin PBXGroup section */
		1BDAF269267D038300B8D16E = {
			isa = PBXGroup;
			children = (
				1BDAF274267D038300B8D16E /* Spotmusic */,
				1BDAF273267D038300B8D16E /* Products */,
			);
			sourceTree = "<group>";
		};
		1BDAF273267D038300B8D16E /* Products */ = {
			isa = PBXGroup;
			children = (
				1BDAF272267D038300B8D16E /* Spotmusic.app */,
			);
			name = Products;
			sourceTree = "<group>";
		};
		1BDAF274267D038300B8D16E /* Spotmusic */ = {
			isa = PBXGroup;
			children = (
				1BDAF2A0268245A600B8D16E /* Model */,
				1BDAF29F2682458600B8D16E /* Storyboards */,
				1BDAF275267D038300B8D16E /* AppDelegate.swift */,
				1BDAF277267D038300B8D16E /* SceneDelegate.swift */,
				1BDAF299268116A600B8D16E /* CustomCells */,
				1BDAF29E2682456A00B8D16E /* ViewControllers */,
				1BDAF27E267D038600B8D16E /* Assets.xcassets */,
				1BDAF280267D038600B8D16E /* LaunchScreen.storyboard */,
				1BDAF283267D038600B8D16E /* Info.plist */,
				1BDAF28D267D13BD00B8D16E /* data.json */,
				B2DF6FFA2682592F00ADAEA5 /* MusicSerivce.swift */,
				1BDAF28B267D0E2000B8D16E /* FavoritesTab.storyboard */,
				B2DF6FF2267D299E00ADAEA5 /* Playing.storyboard */,
				B2DF6FF4267D387400ADAEA5 /* FavoritesListViewController.swift */,
				B2DF6FF626811F4800ADAEA5 /* PlayingViewController.swift */,
				B2DF6FF82681262800ADAEA5 /* FavoritesListCell.swift */,
				B21B71502683F82000E6BF8C /* QueueListCell.swift */,
				B21B714C2683B9D800E6BF8C /* QueueList.storyboard */,
				B21B714E2683B9EC00E6BF8C /* QueueListViewController.swift */,
			);
			path = Spotmusic;
			sourceTree = "<group>";
		};
		1BDAF299268116A600B8D16E /* CustomCells */ = {
			isa = PBXGroup;
			children = (
				1BDAF295267D538700B8D16E /* AlbumWithImageCell.swift */,
				1BDAF29A268135B000B8D16E /* AlbumPresentationCell.swift */,
				1BDAF29C268136A800B8D16E /* SongFromAlbumCell.swift */,
				1BDAF2A32682A9EF00B8D16E /* AboutAlbumTableViewCell.swift */,
				1BDAF2A52683CFA000B8D16E /* AboutArtistViewCell.swift */,
			);
			path = CustomCells;
			sourceTree = "<group>";
		};
		1BDAF29E2682456A00B8D16E /* ViewControllers */ = {
			isa = PBXGroup;
			children = (
				1BDAF279267D038300B8D16E /* ViewController.swift */,
				1BDAF291267D247500B8D16E /* LibraryListViewController.swift */,
				1BDAF297267D5BFA00B8D16E /* AlbumSongsUIViewController.swift */,
				1BDAF2A1268260B300B8D16E /* AlbumDetailsViewController.swift */,
			);
			path = ViewControllers;
			sourceTree = "<group>";
		};
		1BDAF29F2682458600B8D16E /* Storyboards */ = {
			isa = PBXGroup;
			children = (
				1BDAF27B267D038300B8D16E /* Main.storyboard */,
				1BDAF289267D08F300B8D16E /* LibraryTab.storyboard */,
				1BDAF2A72683E61200B8D16E /* FavoritesTab.storyboard */,
			);
			path = Storyboards;
			sourceTree = "<group>";
		};
		1BDAF2A0268245A600B8D16E /* Model */ = {
			isa = PBXGroup;
			children = (
				1BDAF28E267D13BE00B8D16E /* MusicService.swift */,
			);
			path = Model;
			sourceTree = "<group>";
		};
/* End PBXGroup section */

/* Begin PBXNativeTarget section */
		1BDAF271267D038300B8D16E /* Spotmusic */ = {
			isa = PBXNativeTarget;
			buildConfigurationList = 1BDAF286267D038600B8D16E /* Build configuration list for PBXNativeTarget "Spotmusic" */;
			buildPhases = (
				1BDAF26E267D038300B8D16E /* Sources */,
				1BDAF26F267D038300B8D16E /* Frameworks */,
				1BDAF270267D038300B8D16E /* Resources */,
			);
			buildRules = (
			);
			dependencies = (
			);
			name = Spotmusic;
			productName = Spotmusic;
			productReference = 1BDAF272267D038300B8D16E /* Spotmusic.app */;
			productType = "com.apple.product-type.application";
		};
/* End PBXNativeTarget section */

/* Begin PBXProject section */
		1BDAF26A267D038300B8D16E /* Project object */ = {
			isa = PBXProject;
			attributes = {
				LastSwiftUpdateCheck = 1250;
				LastUpgradeCheck = 1250;
				TargetAttributes = {
					1BDAF271267D038300B8D16E = {
						CreatedOnToolsVersion = 12.5;
					};
				};
			};
			buildConfigurationList = 1BDAF26D267D038300B8D16E /* Build configuration list for PBXProject "Spotmusic" */;
			compatibilityVersion = "Xcode 9.3";
			developmentRegion = en;
			hasScannedForEncodings = 0;
			knownRegions = (
				en,
				Base,
			);
			mainGroup = 1BDAF269267D038300B8D16E;
			productRefGroup = 1BDAF273267D038300B8D16E /* Products */;
			projectDirPath = "";
			projectRoot = "";
			targets = (
				1BDAF271267D038300B8D16E /* Spotmusic */,
			);
		};
/* End PBXProject section */

/* Begin PBXResourcesBuildPhase section */
		1BDAF270267D038300B8D16E /* Resources */ = {
			isa = PBXResourcesBuildPhase;
			buildActionMask = 2147483647;
			files = (
				B2DF6FF3267D299E00ADAEA5 /* Playing.storyboard in Resources */,
				1BDAF28A267D08F300B8D16E /* LibraryTab.storyboard in Resources */,
				1BDAF28F267D13BE00B8D16E /* data.json in Resources */,
				1BDAF2A82683E61200B8D16E /* FavoritesTab.storyboard in Resources */,
				1BDAF282267D038600B8D16E /* LaunchScreen.storyboard in Resources */,
				B21B714D2683B9D900E6BF8C /* QueueList.storyboard in Resources */,
				1BDAF27F267D038600B8D16E /* Assets.xcassets in Resources */,
				1BDAF27D267D038300B8D16E /* Main.storyboard in Resources */,
			);
			runOnlyForDeploymentPostprocessing = 0;
		};
/* End PBXResourcesBuildPhase section */

/* Begin PBXSourcesBuildPhase section */
		1BDAF26E267D038300B8D16E /* Sources */ = {
			isa = PBXSourcesBuildPhase;
			buildActionMask = 2147483647;
			files = (
				1BDAF2A92683E9F400B8D16E /* AppDelegate.swift in Sources */,
				1BDAF2AA2683E9F400B8D16E /* SceneDelegate.swift in Sources */,
				1BDAF2AB2683E9F400B8D16E /* ViewController.swift in Sources */,
				1BDAF292267D247500B8D16E /* LibraryListViewController.swift in Sources */,
				1BDAF2A62683CFA100B8D16E /* AboutArtistViewCell.swift in Sources */,
				1BDAF29D268136A800B8D16E /* SongFromAlbumCell.swift in Sources */,
				1BDAF2A42682A9EF00B8D16E /* AboutAlbumTableViewCell.swift in Sources */,
				1BDAF2A2268260B400B8D16E /* AlbumDetailsViewController.swift in Sources */,
				1BDAF29B268135B000B8D16E /* AlbumPresentationCell.swift in Sources */,
				1BDAF298267D5BFA00B8D16E /* AlbumSongsUIViewController.swift in Sources */,
				1BDAF290267D13BE00B8D16E /* MusicService.swift in Sources */,
				1BDAF296267D538700B8D16E /* AlbumWithImageCell.swift in Sources */,
				B21B714F2683B9EC00E6BF8C /* QueueListViewController.swift in Sources */,
				B2DF6FF5267D387400ADAEA5 /* FavoritesListViewController.swift in Sources */,
				1BDAF27A267D038300B8D16E /* ViewController.swift in Sources */,
				1BDAF276267D038300B8D16E /* AppDelegate.swift in Sources */,
				B21B71512683F82000E6BF8C /* QueueListCell.swift in Sources */,
				B2DF6FF92681262800ADAEA5 /* FavoritesListCell.swift in Sources */,
				B2DF6FF726811F4800ADAEA5 /* PlayingViewController.swift in Sources */,
			);
			runOnlyForDeploymentPostprocessing = 0;
		};
/* End PBXSourcesBuildPhase section */

/* Begin PBXVariantGroup section */
		1BDAF27B267D038300B8D16E /* Main.storyboard */ = {
			isa = PBXVariantGroup;
			children = (
				1BDAF27C267D038300B8D16E /* Base */,
			);
			name = Main.storyboard;
			sourceTree = "<group>";
		};
		1BDAF280267D038600B8D16E /* LaunchScreen.storyboard */ = {
			isa = PBXVariantGroup;
			children = (
				1BDAF281267D038600B8D16E /* Base */,
			);
			name = LaunchScreen.storyboard;
			sourceTree = "<group>";
		};
/* End PBXVariantGroup section */

/* Begin XCBuildConfiguration section */
		1BDAF284267D038600B8D16E /* Debug */ = {
			isa = XCBuildConfiguration;
			buildSettings = {
				ALWAYS_SEARCH_USER_PATHS = NO;
				CLANG_ANALYZER_NONNULL = YES;
				CLANG_ANALYZER_NUMBER_OBJECT_CONVERSION = YES_AGGRESSIVE;
				CLANG_CXX_LANGUAGE_STANDARD = "gnu++14";
				CLANG_CXX_LIBRARY = "libc++";
				CLANG_ENABLE_MODULES = YES;
				CLANG_ENABLE_OBJC_ARC = YES;
				CLANG_ENABLE_OBJC_WEAK = YES;
				CLANG_WARN_BLOCK_CAPTURE_AUTORELEASING = YES;
				CLANG_WARN_BOOL_CONVERSION = YES;
				CLANG_WARN_COMMA = YES;
				CLANG_WARN_CONSTANT_CONVERSION = YES;
				CLANG_WARN_DEPRECATED_OBJC_IMPLEMENTATIONS = YES;
				CLANG_WARN_DIRECT_OBJC_ISA_USAGE = YES_ERROR;
				CLANG_WARN_DOCUMENTATION_COMMENTS = YES;
				CLANG_WARN_EMPTY_BODY = YES;
				CLANG_WARN_ENUM_CONVERSION = YES;
				CLANG_WARN_INFINITE_RECURSION = YES;
				CLANG_WARN_INT_CONVERSION = YES;
				CLANG_WARN_NON_LITERAL_NULL_CONVERSION = YES;
				CLANG_WARN_OBJC_IMPLICIT_RETAIN_SELF = YES;
				CLANG_WARN_OBJC_LITERAL_CONVERSION = YES;
				CLANG_WARN_OBJC_ROOT_CLASS = YES_ERROR;
				CLANG_WARN_QUOTED_INCLUDE_IN_FRAMEWORK_HEADER = YES;
				CLANG_WARN_RANGE_LOOP_ANALYSIS = YES;
				CLANG_WARN_STRICT_PROTOTYPES = YES;
				CLANG_WARN_SUSPICIOUS_MOVE = YES;
				CLANG_WARN_UNGUARDED_AVAILABILITY = YES_AGGRESSIVE;
				CLANG_WARN_UNREACHABLE_CODE = YES;
				CLANG_WARN__DUPLICATE_METHOD_MATCH = YES;
				COPY_PHASE_STRIP = NO;
				DEBUG_INFORMATION_FORMAT = dwarf;
				ENABLE_STRICT_OBJC_MSGSEND = YES;
				ENABLE_TESTABILITY = YES;
				GCC_C_LANGUAGE_STANDARD = gnu11;
				GCC_DYNAMIC_NO_PIC = NO;
				GCC_NO_COMMON_BLOCKS = YES;
				GCC_OPTIMIZATION_LEVEL = 0;
				GCC_PREPROCESSOR_DEFINITIONS = (
					"DEBUG=1",
					"$(inherited)",
				);
				GCC_WARN_64_TO_32_BIT_CONVERSION = YES;
				GCC_WARN_ABOUT_RETURN_TYPE = YES_ERROR;
				GCC_WARN_UNDECLARED_SELECTOR = YES;
				GCC_WARN_UNINITIALIZED_AUTOS = YES_AGGRESSIVE;
				GCC_WARN_UNUSED_FUNCTION = YES;
				GCC_WARN_UNUSED_VARIABLE = YES;
				IPHONEOS_DEPLOYMENT_TARGET = 14.5;
				MTL_ENABLE_DEBUG_INFO = INCLUDE_SOURCE;
				MTL_FAST_MATH = YES;
				ONLY_ACTIVE_ARCH = YES;
				SDKROOT = iphoneos;
				SWIFT_ACTIVE_COMPILATION_CONDITIONS = DEBUG;
				SWIFT_OPTIMIZATION_LEVEL = "-Onone";
			};
			name = Debug;
		};
		1BDAF285267D038600B8D16E /* Release */ = {
			isa = XCBuildConfiguration;
			buildSettings = {
				ALWAYS_SEARCH_USER_PATHS = NO;
				CLANG_ANALYZER_NONNULL = YES;
				CLANG_ANALYZER_NUMBER_OBJECT_CONVERSION = YES_AGGRESSIVE;
				CLANG_CXX_LANGUAGE_STANDARD = "gnu++14";
				CLANG_CXX_LIBRARY = "libc++";
				CLANG_ENABLE_MODULES = YES;
				CLANG_ENABLE_OBJC_ARC = YES;
				CLANG_ENABLE_OBJC_WEAK = YES;
				CLANG_WARN_BLOCK_CAPTURE_AUTORELEASING = YES;
				CLANG_WARN_BOOL_CONVERSION = YES;
				CLANG_WARN_COMMA = YES;
				CLANG_WARN_CONSTANT_CONVERSION = YES;
				CLANG_WARN_DEPRECATED_OBJC_IMPLEMENTATIONS = YES;
				CLANG_WARN_DIRECT_OBJC_ISA_USAGE = YES_ERROR;
				CLANG_WARN_DOCUMENTATION_COMMENTS = YES;
				CLANG_WARN_EMPTY_BODY = YES;
				CLANG_WARN_ENUM_CONVERSION = YES;
				CLANG_WARN_INFINITE_RECURSION = YES;
				CLANG_WARN_INT_CONVERSION = YES;
				CLANG_WARN_NON_LITERAL_NULL_CONVERSION = YES;
				CLANG_WARN_OBJC_IMPLICIT_RETAIN_SELF = YES;
				CLANG_WARN_OBJC_LITERAL_CONVERSION = YES;
				CLANG_WARN_OBJC_ROOT_CLASS = YES_ERROR;
				CLANG_WARN_QUOTED_INCLUDE_IN_FRAMEWORK_HEADER = YES;
				CLANG_WARN_RANGE_LOOP_ANALYSIS = YES;
				CLANG_WARN_STRICT_PROTOTYPES = YES;
				CLANG_WARN_SUSPICIOUS_MOVE = YES;
				CLANG_WARN_UNGUARDED_AVAILABILITY = YES_AGGRESSIVE;
				CLANG_WARN_UNREACHABLE_CODE = YES;
				CLANG_WARN__DUPLICATE_METHOD_MATCH = YES;
				COPY_PHASE_STRIP = NO;
				DEBUG_INFORMATION_FORMAT = "dwarf-with-dsym";
				ENABLE_NS_ASSERTIONS = NO;
				ENABLE_STRICT_OBJC_MSGSEND = YES;
				GCC_C_LANGUAGE_STANDARD = gnu11;
				GCC_NO_COMMON_BLOCKS = YES;
				GCC_WARN_64_TO_32_BIT_CONVERSION = YES;
				GCC_WARN_ABOUT_RETURN_TYPE = YES_ERROR;
				GCC_WARN_UNDECLARED_SELECTOR = YES;
				GCC_WARN_UNINITIALIZED_AUTOS = YES_AGGRESSIVE;
				GCC_WARN_UNUSED_FUNCTION = YES;
				GCC_WARN_UNUSED_VARIABLE = YES;
				IPHONEOS_DEPLOYMENT_TARGET = 14.5;
				MTL_ENABLE_DEBUG_INFO = NO;
				MTL_FAST_MATH = YES;
				SDKROOT = iphoneos;
				SWIFT_COMPILATION_MODE = wholemodule;
				SWIFT_OPTIMIZATION_LEVEL = "-O";
				VALIDATE_PRODUCT = YES;
			};
			name = Release;
		};
		1BDAF287267D038600B8D16E /* Debug */ = {
			isa = XCBuildConfiguration;
			buildSettings = {
				ASSETCATALOG_COMPILER_APPICON_NAME = AppIcon;
				ASSETCATALOG_COMPILER_GLOBAL_ACCENT_COLOR_NAME = AccentColor;
				CODE_SIGN_STYLE = Automatic;
				DEVELOPMENT_TEAM = GYMDP69744;
				INFOPLIST_FILE = Spotmusic/Info.plist;
				IPHONEOS_DEPLOYMENT_TARGET = 14.3;
				LD_RUNPATH_SEARCH_PATHS = (
					"$(inherited)",
					"@executable_path/Frameworks",
				);
				PRODUCT_BUNDLE_IDENTIFIER = com.pazzi.marina.Spotmusic;
				PRODUCT_NAME = "$(TARGET_NAME)";
				SWIFT_VERSION = 5.0;
				TARGETED_DEVICE_FAMILY = "1,2";
			};
			name = Debug;
		};
		1BDAF288267D038600B8D16E /* Release */ = {
			isa = XCBuildConfiguration;
			buildSettings = {
				ASSETCATALOG_COMPILER_APPICON_NAME = AppIcon;
				ASSETCATALOG_COMPILER_GLOBAL_ACCENT_COLOR_NAME = AccentColor;
				CODE_SIGN_STYLE = Automatic;
				DEVELOPMENT_TEAM = GYMDP69744;
				INFOPLIST_FILE = Spotmusic/Info.plist;
				IPHONEOS_DEPLOYMENT_TARGET = 14.3;
				LD_RUNPATH_SEARCH_PATHS = (
					"$(inherited)",
					"@executable_path/Frameworks",
				);
				PRODUCT_BUNDLE_IDENTIFIER = com.pazzi.marina.Spotmusic;
				PRODUCT_NAME = "$(TARGET_NAME)";
				SWIFT_VERSION = 5.0;
				TARGETED_DEVICE_FAMILY = "1,2";
			};
			name = Release;
		};
/* End XCBuildConfiguration section */

/* Begin XCConfigurationList section */
		1BDAF26D267D038300B8D16E /* Build configuration list for PBXProject "Spotmusic" */ = {
			isa = XCConfigurationList;
			buildConfigurations = (
				1BDAF284267D038600B8D16E /* Debug */,
				1BDAF285267D038600B8D16E /* Release */,
			);
			defaultConfigurationIsVisible = 0;
			defaultConfigurationName = Release;
		};
		1BDAF286267D038600B8D16E /* Build configuration list for PBXNativeTarget "Spotmusic" */ = {
			isa = XCConfigurationList;
			buildConfigurations = (
				1BDAF287267D038600B8D16E /* Debug */,
				1BDAF288267D038600B8D16E /* Release */,
			);
			defaultConfigurationIsVisible = 0;
			defaultConfigurationName = Release;
		};
/* End XCConfigurationList section */
	};
	rootObject = 1BDAF26A267D038300B8D16E /* Project object */;
}
